// !$*UTF8*$!
{
	archiveVersion = 1;
	classes = {
	};
	objectVersion = 51;
	objects = {

/* Begin PBXBuildFile section */
		1179C95F06325AA775F546B9 /* Pods_Rev0.framework in Frameworks */ = {isa = PBXBuildFile; fileRef = 277609263290349C697C06A2 /* Pods_Rev0.framework */; };
		B5258F7E26150472006EFF5C /* LinkView.swift in Sources */ = {isa = PBXBuildFile; fileRef = B5258F7D26150472006EFF5C /* LinkView.swift */; };
		B55AC0E526005B1F003263D6 /* DIN Alternate Bold.ttf in Resources */ = {isa = PBXBuildFile; fileRef = B55AC0E426005B1F003263D6 /* DIN Alternate Bold.ttf */; };
		B55AC0EE26008759003263D6 /* NotificationsView.swift in Sources */ = {isa = PBXBuildFile; fileRef = B55AC0ED26008759003263D6 /* NotificationsView.swift */; };
		B55AC0F126008765003263D6 /* SettingsView.swift in Sources */ = {isa = PBXBuildFile; fileRef = B55AC0F026008765003263D6 /* SettingsView.swift */; };
		B55AC0F42600876C003263D6 /* HelpView.swift in Sources */ = {isa = PBXBuildFile; fileRef = B55AC0F32600876C003263D6 /* HelpView.swift */; };
		B55AC0F726008795003263D6 /* ProfileView.swift in Sources */ = {isa = PBXBuildFile; fileRef = B55AC0F626008795003263D6 /* ProfileView.swift */; };
		B56FB26026044D7F000A7FFA /* GoogleService-Info.plist in Resources */ = {isa = PBXBuildFile; fileRef = B56FB25F26044D7F000A7FFA /* GoogleService-Info.plist */; };
		B56FB26F26044F78000A7FFA /* AppDelegate.swift in Sources */ = {isa = PBXBuildFile; fileRef = B56FB26E26044F78000A7FFA /* AppDelegate.swift */; };
		B59847E02614F3BD00C32496 /* PlaidAPI.swift in Sources */ = {isa = PBXBuildFile; fileRef = B59847DF2614F3BD00C32496 /* PlaidAPI.swift */; };
		B59DA863261CD94500F0EA95 /* SpendingViewModel.swift in Sources */ = {isa = PBXBuildFile; fileRef = B59DA862261CD94500F0EA95 /* SpendingViewModel.swift */; };
		B59DA866261CD94F00F0EA95 /* IncomeViewModel.swift in Sources */ = {isa = PBXBuildFile; fileRef = B59DA865261CD94F00F0EA95 /* IncomeViewModel.swift */; };
		B59DA86C261E0C7B00F0EA95 /* Category.swift in Sources */ = {isa = PBXBuildFile; fileRef = B59DA86B261E0C7B00F0EA95 /* Category.swift */; };
		B59DA86F261E2EF000F0EA95 /* Constants.swift in Sources */ = {isa = PBXBuildFile; fileRef = B59DA86E261E2EF000F0EA95 /* Constants.swift */; };
		B5B8579B2609804F0071CC47 /* LinkKitSwiftUISupport.swift in Sources */ = {isa = PBXBuildFile; fileRef = B5B8579A2609804F0071CC47 /* LinkKitSwiftUISupport.swift */; };
		B5B8579E260980940071CC47 /* ViewController.swift in Sources */ = {isa = PBXBuildFile; fileRef = B5B8579D260980940071CC47 /* ViewController.swift */; };
		B5C6566F25DD311F00A9FABC /* Rev0App.swift in Sources */ = {isa = PBXBuildFile; fileRef = B5C6566E25DD311F00A9FABC /* Rev0App.swift */; };
		B5C6567325DD312000A9FABC /* Assets.xcassets in Resources */ = {isa = PBXBuildFile; fileRef = B5C6567225DD312000A9FABC /* Assets.xcassets */; };
		B5C6567625DD312000A9FABC /* Preview Assets.xcassets in Resources */ = {isa = PBXBuildFile; fileRef = B5C6567525DD312000A9FABC /* Preview Assets.xcassets */; };
		B5CC2A7226083E1700847A4B /* BudgetViewModel.swift in Sources */ = {isa = PBXBuildFile; fileRef = B5CC2A6F26083E1700847A4B /* BudgetViewModel.swift */; };
		B5CC2A7326083E1700847A4B /* DashboardView.swift in Sources */ = {isa = PBXBuildFile; fileRef = B5CC2A7126083E1700847A4B /* DashboardView.swift */; };
		B5CC2A7426083E1700847A4B /* NetWorthViewModel.swift in Sources */ = {isa = PBXBuildFile; fileRef = B5CC2A7026083E1700847A4B /* NetWorthViewModel.swift */; };
		B5FF2CB525E71C710032E577 /* SignUpView.swift in Sources */ = {isa = PBXBuildFile; fileRef = B5FF2CB325E71C710032E577 /* SignUpView.swift */; };
		B5FF2CB825E71C990032E577 /* LogInView.swift in Sources */ = {isa = PBXBuildFile; fileRef = B5FF2CB725E71C990032E577 /* LogInView.swift */; };
		B5FF2CC225E8BDD60032E577 /* MotherView.swift in Sources */ = {isa = PBXBuildFile; fileRef = B5FF2CC125E8BDD60032E577 /* MotherView.swift */; };
		B5FF2CC525E8BE1D0032E577 /* ViewRouter.swift in Sources */ = {isa = PBXBuildFile; fileRef = B5FF2CC425E8BE1D0032E577 /* ViewRouter.swift */; };
		FF65818725F40F1F00D47939 /* IncomeDetailView.swift in Sources */ = {isa = PBXBuildFile; fileRef = FF65818625F40F1F00D47939 /* IncomeDetailView.swift */; };
		FF8B4498261E5026007A7CC9 /* SpendingDetailView.swift in Sources */ = {isa = PBXBuildFile; fileRef = FF8B4497261E5026007A7CC9 /* SpendingDetailView.swift */; };
		FF8B449C261E5107007A7CC9 /* UserData-2.swift in Sources */ = {isa = PBXBuildFile; fileRef = FF8B449B261E5107007A7CC9 /* UserData-2.swift */; };
		FFF70FBD25EFD9190042D0F2 /* BudgetDetailView.swift in Sources */ = {isa = PBXBuildFile; fileRef = FFF70FBC25EFD9190042D0F2 /* BudgetDetailView.swift */; };
/* End PBXBuildFile section */

/* Begin PBXFileReference section */
		069E1318E03452ADC11A4FE3 /* Pods-Rev0.debug.xcconfig */ = {isa = PBXFileReference; includeInIndex = 1; lastKnownFileType = text.xcconfig; name = "Pods-Rev0.debug.xcconfig"; path = "Target Support Files/Pods-Rev0/Pods-Rev0.debug.xcconfig"; sourceTree = "<group>"; };
		277609263290349C697C06A2 /* Pods_Rev0.framework */ = {isa = PBXFileReference; explicitFileType = wrapper.framework; includeInIndex = 0; path = Pods_Rev0.framework; sourceTree = BUILT_PRODUCTS_DIR; };
		85E10DC7E99006C3824D5C35 /* Pods-Rev0.release.xcconfig */ = {isa = PBXFileReference; includeInIndex = 1; lastKnownFileType = text.xcconfig; name = "Pods-Rev0.release.xcconfig"; path = "Target Support Files/Pods-Rev0/Pods-Rev0.release.xcconfig"; sourceTree = "<group>"; };
		B5258F7D26150472006EFF5C /* LinkView.swift */ = {isa = PBXFileReference; lastKnownFileType = sourcecode.swift; path = LinkView.swift; sourceTree = "<group>"; };
		B55AC0E426005B1F003263D6 /* DIN Alternate Bold.ttf */ = {isa = PBXFileReference; lastKnownFileType = file; name = "DIN Alternate Bold.ttf"; path = "../../../../../../../System/Library/Fonts/Supplemental/DIN Alternate Bold.ttf"; sourceTree = "<group>"; };
		B55AC0ED26008759003263D6 /* NotificationsView.swift */ = {isa = PBXFileReference; lastKnownFileType = sourcecode.swift; path = NotificationsView.swift; sourceTree = "<group>"; };
		B55AC0F026008765003263D6 /* SettingsView.swift */ = {isa = PBXFileReference; lastKnownFileType = sourcecode.swift; path = SettingsView.swift; sourceTree = "<group>"; };
		B55AC0F32600876C003263D6 /* HelpView.swift */ = {isa = PBXFileReference; lastKnownFileType = sourcecode.swift; path = HelpView.swift; sourceTree = "<group>"; };
		B55AC0F626008795003263D6 /* ProfileView.swift */ = {isa = PBXFileReference; lastKnownFileType = sourcecode.swift; path = ProfileView.swift; sourceTree = "<group>"; };
		B56FB25F26044D7F000A7FFA /* GoogleService-Info.plist */ = {isa = PBXFileReference; fileEncoding = 4; lastKnownFileType = text.plist.xml; path = "GoogleService-Info.plist"; sourceTree = "<group>"; };
		B56FB26E26044F78000A7FFA /* AppDelegate.swift */ = {isa = PBXFileReference; lastKnownFileType = sourcecode.swift; path = AppDelegate.swift; sourceTree = "<group>"; };
		B59847DF2614F3BD00C32496 /* PlaidAPI.swift */ = {isa = PBXFileReference; lastKnownFileType = sourcecode.swift; path = PlaidAPI.swift; sourceTree = "<group>"; };
		B59DA862261CD94500F0EA95 /* SpendingViewModel.swift */ = {isa = PBXFileReference; lastKnownFileType = sourcecode.swift; path = SpendingViewModel.swift; sourceTree = "<group>"; };
		B59DA865261CD94F00F0EA95 /* IncomeViewModel.swift */ = {isa = PBXFileReference; lastKnownFileType = sourcecode.swift; path = IncomeViewModel.swift; sourceTree = "<group>"; };
		B59DA86B261E0C7B00F0EA95 /* Category.swift */ = {isa = PBXFileReference; lastKnownFileType = sourcecode.swift; path = Category.swift; sourceTree = "<group>"; };
		B59DA86E261E2EF000F0EA95 /* Constants.swift */ = {isa = PBXFileReference; lastKnownFileType = sourcecode.swift; path = Constants.swift; sourceTree = "<group>"; };
		B5B8579A2609804F0071CC47 /* LinkKitSwiftUISupport.swift */ = {isa = PBXFileReference; lastKnownFileType = sourcecode.swift; path = LinkKitSwiftUISupport.swift; sourceTree = "<group>"; };
		B5B8579D260980940071CC47 /* ViewController.swift */ = {isa = PBXFileReference; lastKnownFileType = sourcecode.swift; path = ViewController.swift; sourceTree = "<group>"; };
		B5C6566B25DD311F00A9FABC /* Rev0.app */ = {isa = PBXFileReference; explicitFileType = wrapper.application; includeInIndex = 0; path = Rev0.app; sourceTree = BUILT_PRODUCTS_DIR; };
		B5C6566E25DD311F00A9FABC /* Rev0App.swift */ = {isa = PBXFileReference; lastKnownFileType = sourcecode.swift; path = Rev0App.swift; sourceTree = "<group>"; };
		B5C6567225DD312000A9FABC /* Assets.xcassets */ = {isa = PBXFileReference; lastKnownFileType = folder.assetcatalog; path = Assets.xcassets; sourceTree = "<group>"; };
		B5C6567525DD312000A9FABC /* Preview Assets.xcassets */ = {isa = PBXFileReference; lastKnownFileType = folder.assetcatalog; path = "Preview Assets.xcassets"; sourceTree = "<group>"; };
		B5C6567725DD312000A9FABC /* Info.plist */ = {isa = PBXFileReference; lastKnownFileType = text.plist.xml; path = Info.plist; sourceTree = "<group>"; };
		B5CC2A6F26083E1700847A4B /* BudgetViewModel.swift */ = {isa = PBXFileReference; lastKnownFileType = sourcecode.swift; path = BudgetViewModel.swift; sourceTree = "<group>"; };
		B5CC2A7026083E1700847A4B /* NetWorthViewModel.swift */ = {isa = PBXFileReference; lastKnownFileType = sourcecode.swift; path = NetWorthViewModel.swift; sourceTree = "<group>"; };
		B5CC2A7126083E1700847A4B /* DashboardView.swift */ = {isa = PBXFileReference; lastKnownFileType = sourcecode.swift; path = DashboardView.swift; sourceTree = "<group>"; };
		B5FF2CB325E71C710032E577 /* SignUpView.swift */ = {isa = PBXFileReference; fileEncoding = 4; lastKnownFileType = sourcecode.swift; path = SignUpView.swift; sourceTree = "<group>"; };
		B5FF2CB725E71C990032E577 /* LogInView.swift */ = {isa = PBXFileReference; fileEncoding = 4; lastKnownFileType = sourcecode.swift; path = LogInView.swift; sourceTree = "<group>"; };
		B5FF2CC125E8BDD60032E577 /* MotherView.swift */ = {isa = PBXFileReference; lastKnownFileType = sourcecode.swift; path = MotherView.swift; sourceTree = "<group>"; };
		B5FF2CC425E8BE1D0032E577 /* ViewRouter.swift */ = {isa = PBXFileReference; lastKnownFileType = sourcecode.swift; path = ViewRouter.swift; sourceTree = "<group>"; };
		FF65818625F40F1F00D47939 /* IncomeDetailView.swift */ = {isa = PBXFileReference; lastKnownFileType = sourcecode.swift; path = IncomeDetailView.swift; sourceTree = "<group>"; };
		FF8B4497261E5026007A7CC9 /* SpendingDetailView.swift */ = {isa = PBXFileReference; fileEncoding = 4; lastKnownFileType = sourcecode.swift; name = SpendingDetailView.swift; path = ../../../../Downloads/SpendingDetailView.swift; sourceTree = "<group>"; };
		FF8B449B261E5107007A7CC9 /* UserData-2.swift */ = {isa = PBXFileReference; fileEncoding = 4; lastKnownFileType = sourcecode.swift; name = "UserData-2.swift"; path = "../../../../Downloads/UserData-2.swift"; sourceTree = "<group>"; };
		FFF70FBC25EFD9190042D0F2 /* BudgetDetailView.swift */ = {isa = PBXFileReference; lastKnownFileType = sourcecode.swift; path = BudgetDetailView.swift; sourceTree = "<group>"; };
/* End PBXFileReference section */

/* Begin PBXFrameworksBuildPhase section */
		B5C6566825DD311F00A9FABC /* Frameworks */ = {
			isa = PBXFrameworksBuildPhase;
			buildActionMask = 2147483647;
			files = (
				1179C95F06325AA775F546B9 /* Pods_Rev0.framework in Frameworks */,
			);
			runOnlyForDeploymentPostprocessing = 0;
		};
/* End PBXFrameworksBuildPhase section */

/* Begin PBXGroup section */
		B559CBDB26161ADE001F8CEF /* Link */ = {
			isa = PBXGroup;
			children = (
				B5B8579A2609804F0071CC47 /* LinkKitSwiftUISupport.swift */,
				B5B8579D260980940071CC47 /* ViewController.swift */,
				B59847DF2614F3BD00C32496 /* PlaidAPI.swift */,
				B5258F7D26150472006EFF5C /* LinkView.swift */,
			);
			path = Link;
			sourceTree = "<group>";
		};
		B559CBDD26161B23001F8CEF /* Models */ = {
			isa = PBXGroup;
			children = (
				B5CC2A6F26083E1700847A4B /* BudgetViewModel.swift */,
				B5CC2A7026083E1700847A4B /* NetWorthViewModel.swift */,
				B59DA862261CD94500F0EA95 /* SpendingViewModel.swift */,
				B59DA865261CD94F00F0EA95 /* IncomeViewModel.swift */,
				FF8B449B261E5107007A7CC9 /* UserData-2.swift */,
				B59DA86B261E0C7B00F0EA95 /* Category.swift */,
			);
			path = Models;
			sourceTree = "<group>";
		};
		B559CBDE26161B2A001F8CEF /* Views */ = {
			isa = PBXGroup;
			children = (
				B5CC2A7126083E1700847A4B /* DashboardView.swift */,
				B55AC0ED26008759003263D6 /* NotificationsView.swift */,
				B55AC0F626008795003263D6 /* ProfileView.swift */,
				B55AC0F32600876C003263D6 /* HelpView.swift */,
				FF8B4497261E5026007A7CC9 /* SpendingDetailView.swift */,
				FFF70FBC25EFD9190042D0F2 /* BudgetDetailView.swift */,
				FF65818625F40F1F00D47939 /* IncomeDetailView.swift */,
				B55AC0F026008765003263D6 /* SettingsView.swift */,
				B5FF2CB725E71C990032E577 /* LogInView.swift */,
				B5FF2CB325E71C710032E577 /* SignUpView.swift */,
			);
			path = Views;
			sourceTree = "<group>";
		};
		B559CBDF26161B50001F8CEF /* Navigation */ = {
			isa = PBXGroup;
			children = (
				B5FF2CC425E8BE1D0032E577 /* ViewRouter.swift */,
				B5FF2CC125E8BDD60032E577 /* MotherView.swift */,
			);
			path = Navigation;
			sourceTree = "<group>";
		};
		B55AC0E326005AB6003263D6 /* Fonts */ = {
			isa = PBXGroup;
			children = (
				B55AC0E426005B1F003263D6 /* DIN Alternate Bold.ttf */,
			);
			path = Fonts;
			sourceTree = "<group>";
		};
		B5C6566225DD311F00A9FABC = {
			isa = PBXGroup;
			children = (
				B5C6566D25DD311F00A9FABC /* Rev0 */,
				B5C6566C25DD311F00A9FABC /* Products */,
				FF96802A25E48FA000AA432B /* Frameworks */,
				CB5540EA839E2290D4A78B9C /* Pods */,
			);
			sourceTree = "<group>";
		};
		B5C6566C25DD311F00A9FABC /* Products */ = {
			isa = PBXGroup;
			children = (
				B5C6566B25DD311F00A9FABC /* Rev0.app */,
			);
			name = Products;
			sourceTree = "<group>";
		};
		B5C6566D25DD311F00A9FABC /* Rev0 */ = {
			isa = PBXGroup;
			children = (
				B559CBDF26161B50001F8CEF /* Navigation */,
				B559CBDE26161B2A001F8CEF /* Views */,
				B559CBDD26161B23001F8CEF /* Models */,
				B559CBDB26161ADE001F8CEF /* Link */,
				B59DA86E261E2EF000F0EA95 /* Constants.swift */,
				B5C6566E25DD311F00A9FABC /* Rev0App.swift */,
				B56FB26E26044F78000A7FFA /* AppDelegate.swift */,
				B5C6567225DD312000A9FABC /* Assets.xcassets */,
				B56FB25F26044D7F000A7FFA /* GoogleService-Info.plist */,
				B5C6567725DD312000A9FABC /* Info.plist */,
				B55AC0E326005AB6003263D6 /* Fonts */,
				B5C6567425DD312000A9FABC /* Preview Content */,
			);
			path = Rev0;
			sourceTree = "<group>";
		};
		B5C6567425DD312000A9FABC /* Preview Content */ = {
			isa = PBXGroup;
			children = (
				B5C6567525DD312000A9FABC /* Preview Assets.xcassets */,
			);
			path = "Preview Content";
			sourceTree = "<group>";
		};
		CB5540EA839E2290D4A78B9C /* Pods */ = {
			isa = PBXGroup;
			children = (
				069E1318E03452ADC11A4FE3 /* Pods-Rev0.debug.xcconfig */,
				85E10DC7E99006C3824D5C35 /* Pods-Rev0.release.xcconfig */,
			);
			path = Pods;
			sourceTree = "<group>";
		};
		FF96802A25E48FA000AA432B /* Frameworks */ = {
			isa = PBXGroup;
			children = (
				277609263290349C697C06A2 /* Pods_Rev0.framework */,
			);
			name = Frameworks;
			sourceTree = "<group>";
		};
/* End PBXGroup section */

/* Begin PBXNativeTarget section */
		B5C6566A25DD311F00A9FABC /* Rev0 */ = {
			isa = PBXNativeTarget;
			buildConfigurationList = B5C6567A25DD312000A9FABC /* Build configuration list for PBXNativeTarget "Rev0" */;
			buildPhases = (
				C57AD9B063C37034B6CA470E /* [CP] Check Pods Manifest.lock */,
				B5C6566725DD311F00A9FABC /* Sources */,
				B5C6566825DD311F00A9FABC /* Frameworks */,
				B5C6566925DD311F00A9FABC /* Resources */,
				5ABEFC25FE24606646678B46 /* [CP] Embed Pods Frameworks */,
			);
			buildRules = (
			);
			dependencies = (
			);
			name = Rev0;
			productName = Rev0;
			productReference = B5C6566B25DD311F00A9FABC /* Rev0.app */;
			productType = "com.apple.product-type.application";
		};
/* End PBXNativeTarget section */

/* Begin PBXProject section */
		B5C6566325DD311F00A9FABC /* Project object */ = {
			isa = PBXProject;
			attributes = {
				LastSwiftUpdateCheck = 1240;
				LastUpgradeCheck = 1240;
				TargetAttributes = {
					B5C6566A25DD311F00A9FABC = {
						CreatedOnToolsVersion = 12.4;
					};
				};
			};
			buildConfigurationList = B5C6566625DD311F00A9FABC /* Build configuration list for PBXProject "Rev0" */;
			compatibilityVersion = "Xcode 9.3";
			developmentRegion = en;
			hasScannedForEncodings = 0;
			knownRegions = (
				en,
				Base,
			);
			mainGroup = B5C6566225DD311F00A9FABC;
			productRefGroup = B5C6566C25DD311F00A9FABC /* Products */;
			projectDirPath = "";
			projectRoot = "";
			targets = (
				B5C6566A25DD311F00A9FABC /* Rev0 */,
			);
		};
/* End PBXProject section */

/* Begin PBXResourcesBuildPhase section */
		B5C6566925DD311F00A9FABC /* Resources */ = {
			isa = PBXResourcesBuildPhase;
			buildActionMask = 2147483647;
			files = (
				B5C6567625DD312000A9FABC /* Preview Assets.xcassets in Resources */,
				B5C6567325DD312000A9FABC /* Assets.xcassets in Resources */,
				B55AC0E526005B1F003263D6 /* DIN Alternate Bold.ttf in Resources */,
				B56FB26026044D7F000A7FFA /* GoogleService-Info.plist in Resources */,
			);
			runOnlyForDeploymentPostprocessing = 0;
		};
/* End PBXResourcesBuildPhase section */

/* Begin PBXShellScriptBuildPhase section */
		5ABEFC25FE24606646678B46 /* [CP] Embed Pods Frameworks */ = {
			isa = PBXShellScriptBuildPhase;
			buildActionMask = 2147483647;
			files = (
			);
			inputFileListPaths = (
				"${PODS_ROOT}/Target Support Files/Pods-Rev0/Pods-Rev0-frameworks-${CONFIGURATION}-input-files.xcfilelist",
			);
			name = "[CP] Embed Pods Frameworks";
			outputFileListPaths = (
				"${PODS_ROOT}/Target Support Files/Pods-Rev0/Pods-Rev0-frameworks-${CONFIGURATION}-output-files.xcfilelist",
			);
			runOnlyForDeploymentPostprocessing = 0;
			shellPath = /bin/sh;
			shellScript = "\"${PODS_ROOT}/Target Support Files/Pods-Rev0/Pods-Rev0-frameworks.sh\"\n";
			showEnvVarsInLog = 0;
		};
		C57AD9B063C37034B6CA470E /* [CP] Check Pods Manifest.lock */ = {
			isa = PBXShellScriptBuildPhase;
			buildActionMask = 2147483647;
			files = (
			);
			inputFileListPaths = (
			);
			inputPaths = (
				"${PODS_PODFILE_DIR_PATH}/Podfile.lock",
				"${PODS_ROOT}/Manifest.lock",
			);
			name = "[CP] Check Pods Manifest.lock";
			outputFileListPaths = (
			);
			outputPaths = (
				"$(DERIVED_FILE_DIR)/Pods-Rev0-checkManifestLockResult.txt",
			);
			runOnlyForDeploymentPostprocessing = 0;
			shellPath = /bin/sh;
			shellScript = "diff \"${PODS_PODFILE_DIR_PATH}/Podfile.lock\" \"${PODS_ROOT}/Manifest.lock\" > /dev/null\nif [ $? != 0 ] ; then\n    # print error to STDERR\n    echo \"error: The sandbox is not in sync with the Podfile.lock. Run 'pod install' or update your CocoaPods installation.\" >&2\n    exit 1\nfi\n# This output is used by Xcode 'outputs' to avoid re-running this script phase.\necho \"SUCCESS\" > \"${SCRIPT_OUTPUT_FILE_0}\"\n";
			showEnvVarsInLog = 0;
		};
/* End PBXShellScriptBuildPhase section */

/* Begin PBXSourcesBuildPhase section */
		B5C6566725DD311F00A9FABC /* Sources */ = {
			isa = PBXSourcesBuildPhase;
			buildActionMask = 2147483647;
			files = (
				B59DA86F261E2EF000F0EA95 /* Constants.swift in Sources */,
				B59847E02614F3BD00C32496 /* PlaidAPI.swift in Sources */,
				B5C6566F25DD311F00A9FABC /* Rev0App.swift in Sources */,
				FF8B449C261E5107007A7CC9 /* UserData-2.swift in Sources */,
				FF8B4498261E5026007A7CC9 /* SpendingDetailView.swift in Sources */,
				B59DA863261CD94500F0EA95 /* SpendingViewModel.swift in Sources */,
				B59DA866261CD94F00F0EA95 /* IncomeViewModel.swift in Sources */,
				B55AC0F726008795003263D6 /* ProfileView.swift in Sources */,
				B55AC0F42600876C003263D6 /* HelpView.swift in Sources */,
				B55AC0EE26008759003263D6 /* NotificationsView.swift in Sources */,
				B56FB26F26044F78000A7FFA /* AppDelegate.swift in Sources */,
				B5B8579E260980940071CC47 /* ViewController.swift in Sources */,
				B5FF2CC525E8BE1D0032E577 /* ViewRouter.swift in Sources */,
				B5CC2A7326083E1700847A4B /* DashboardView.swift in Sources */,
				FFF70FBD25EFD9190042D0F2 /* BudgetDetailView.swift in Sources */,
				B5B8579B2609804F0071CC47 /* LinkKitSwiftUISupport.swift in Sources */,
				B5FF2CC225E8BDD60032E577 /* MotherView.swift in Sources */,
				B5FF2CB525E71C710032E577 /* SignUpView.swift in Sources */,
				B5FF2CB825E71C990032E577 /* LogInView.swift in Sources */,
				FF65818725F40F1F00D47939 /* IncomeDetailView.swift in Sources */,
				B5CC2A7226083E1700847A4B /* BudgetViewModel.swift in Sources */,
				B5CC2A7426083E1700847A4B /* NetWorthViewModel.swift in Sources */,
				B5258F7E26150472006EFF5C /* LinkView.swift in Sources */,
				B55AC0F126008765003263D6 /* SettingsView.swift in Sources */,
				B59DA86C261E0C7B00F0EA95 /* Category.swift in Sources */,
			);
			runOnlyForDeploymentPostprocessing = 0;
		};
/* End PBXSourcesBuildPhase section */

/* Begin XCBuildConfiguration section */
		B5C6567825DD312000A9FABC /* Debug */ = {
			isa = XCBuildConfiguration;
			buildSettings = {
				ALWAYS_SEARCH_USER_PATHS = NO;
				CLANG_ANALYZER_NONNULL = YES;
				CLANG_ANALYZER_NUMBER_OBJECT_CONVERSION = YES_AGGRESSIVE;
				CLANG_CXX_LANGUAGE_STANDARD = "gnu++14";
				CLANG_CXX_LIBRARY = "libc++";
				CLANG_ENABLE_MODULES = YES;
				CLANG_ENABLE_OBJC_ARC = YES;
				CLANG_ENABLE_OBJC_WEAK = YES;
				CLANG_WARN_BLOCK_CAPTURE_AUTORELEASING = YES;
				CLANG_WARN_BOOL_CONVERSION = YES;
				CLANG_WARN_COMMA = YES;
				CLANG_WARN_CONSTANT_CONVERSION = YES;
				CLANG_WARN_DEPRECATED_OBJC_IMPLEMENTATIONS = YES;
				CLANG_WARN_DIRECT_OBJC_ISA_USAGE = YES_ERROR;
				CLANG_WARN_DOCUMENTATION_COMMENTS = YES;
				CLANG_WARN_EMPTY_BODY = YES;
				CLANG_WARN_ENUM_CONVERSION = YES;
				CLANG_WARN_INFINITE_RECURSION = YES;
				CLANG_WARN_INT_CONVERSION = YES;
				CLANG_WARN_NON_LITERAL_NULL_CONVERSION = YES;
				CLANG_WARN_OBJC_IMPLICIT_RETAIN_SELF = YES;
				CLANG_WARN_OBJC_LITERAL_CONVERSION = YES;
				CLANG_WARN_OBJC_ROOT_CLASS = YES_ERROR;
				CLANG_WARN_QUOTED_INCLUDE_IN_FRAMEWORK_HEADER = YES;
				CLANG_WARN_RANGE_LOOP_ANALYSIS = YES;
				CLANG_WARN_STRICT_PROTOTYPES = YES;
				CLANG_WARN_SUSPICIOUS_MOVE = YES;
				CLANG_WARN_UNGUARDED_AVAILABILITY = YES_AGGRESSIVE;
				CLANG_WARN_UNREACHABLE_CODE = YES;
				CLANG_WARN__DUPLICATE_METHOD_MATCH = YES;
				COPY_PHASE_STRIP = NO;
				DEBUG_INFORMATION_FORMAT = dwarf;
				ENABLE_STRICT_OBJC_MSGSEND = YES;
				ENABLE_TESTABILITY = YES;
				GCC_C_LANGUAGE_STANDARD = gnu11;
				GCC_DYNAMIC_NO_PIC = NO;
				GCC_NO_COMMON_BLOCKS = YES;
				GCC_OPTIMIZATION_LEVEL = 0;
				GCC_PREPROCESSOR_DEFINITIONS = (
					"DEBUG=1",
					"$(inherited)",
				);
				GCC_WARN_64_TO_32_BIT_CONVERSION = YES;
				GCC_WARN_ABOUT_RETURN_TYPE = YES_ERROR;
				GCC_WARN_UNDECLARED_SELECTOR = YES;
				GCC_WARN_UNINITIALIZED_AUTOS = YES_AGGRESSIVE;
				GCC_WARN_UNUSED_FUNCTION = YES;
				GCC_WARN_UNUSED_VARIABLE = YES;
				IPHONEOS_DEPLOYMENT_TARGET = 14.4;
				MTL_ENABLE_DEBUG_INFO = INCLUDE_SOURCE;
				MTL_FAST_MATH = YES;
				ONLY_ACTIVE_ARCH = YES;
				OTHER_SWIFT_FLAGS = "-Xfrontend -warn-long-function-bodies=100 -Xfrontend -warn-long-expression-type-checking=100";
				SDKROOT = iphoneos;
				SWIFT_ACTIVE_COMPILATION_CONDITIONS = DEBUG;
				SWIFT_COMPILATION_MODE = singlefile;
				SWIFT_OPTIMIZATION_LEVEL = "-Onone";
			};
			name = Debug;
		};
		B5C6567925DD312000A9FABC /* Release */ = {
			isa = XCBuildConfiguration;
			buildSettings = {
				ALWAYS_SEARCH_USER_PATHS = NO;
				CLANG_ANALYZER_NONNULL = YES;
				CLANG_ANALYZER_NUMBER_OBJECT_CONVERSION = YES_AGGRESSIVE;
				CLANG_CXX_LANGUAGE_STANDARD = "gnu++14";
				CLANG_CXX_LIBRARY = "libc++";
				CLANG_ENABLE_MODULES = YES;
				CLANG_ENABLE_OBJC_ARC = YES;
				CLANG_ENABLE_OBJC_WEAK = YES;
				CLANG_WARN_BLOCK_CAPTURE_AUTORELEASING = YES;
				CLANG_WARN_BOOL_CONVERSION = YES;
				CLANG_WARN_COMMA = YES;
				CLANG_WARN_CONSTANT_CONVERSION = YES;
				CLANG_WARN_DEPRECATED_OBJC_IMPLEMENTATIONS = YES;
				CLANG_WARN_DIRECT_OBJC_ISA_USAGE = YES_ERROR;
				CLANG_WARN_DOCUMENTATION_COMMENTS = YES;
				CLANG_WARN_EMPTY_BODY = YES;
				CLANG_WARN_ENUM_CONVERSION = YES;
				CLANG_WARN_INFINITE_RECURSION = YES;
				CLANG_WARN_INT_CONVERSION = YES;
				CLANG_WARN_NON_LITERAL_NULL_CONVERSION = YES;
				CLANG_WARN_OBJC_IMPLICIT_RETAIN_SELF = YES;
				CLANG_WARN_OBJC_LITERAL_CONVERSION = YES;
				CLANG_WARN_OBJC_ROOT_CLASS = YES_ERROR;
				CLANG_WARN_QUOTED_INCLUDE_IN_FRAMEWORK_HEADER = YES;
				CLANG_WARN_RANGE_LOOP_ANALYSIS = YES;
				CLANG_WARN_STRICT_PROTOTYPES = YES;
				CLANG_WARN_SUSPICIOUS_MOVE = YES;
				CLANG_WARN_UNGUARDED_AVAILABILITY = YES_AGGRESSIVE;
				CLANG_WARN_UNREACHABLE_CODE = YES;
				CLANG_WARN__DUPLICATE_METHOD_MATCH = YES;
				COPY_PHASE_STRIP = NO;
				DEBUG_INFORMATION_FORMAT = "dwarf-with-dsym";
				ENABLE_NS_ASSERTIONS = NO;
				ENABLE_STRICT_OBJC_MSGSEND = YES;
				GCC_C_LANGUAGE_STANDARD = gnu11;
				GCC_NO_COMMON_BLOCKS = YES;
				GCC_OPTIMIZATION_LEVEL = 0;
				GCC_WARN_64_TO_32_BIT_CONVERSION = YES;
				GCC_WARN_ABOUT_RETURN_TYPE = YES_ERROR;
				GCC_WARN_UNDECLARED_SELECTOR = YES;
				GCC_WARN_UNINITIALIZED_AUTOS = YES_AGGRESSIVE;
				GCC_WARN_UNUSED_FUNCTION = YES;
				GCC_WARN_UNUSED_VARIABLE = YES;
				IPHONEOS_DEPLOYMENT_TARGET = 14.4;
				MTL_ENABLE_DEBUG_INFO = NO;
				MTL_FAST_MATH = YES;
				SDKROOT = iphoneos;
				SWIFT_COMPILATION_MODE = singlefile;
				SWIFT_OPTIMIZATION_LEVEL = "-Onone";
				VALIDATE_PRODUCT = YES;
			};
			name = Release;
		};
		B5C6567B25DD312000A9FABC /* Debug */ = {
			isa = XCBuildConfiguration;
			baseConfigurationReference = 069E1318E03452ADC11A4FE3 /* Pods-Rev0.debug.xcconfig */;
			buildSettings = {
				ASSETCATALOG_COMPILER_APPICON_NAME = AppIcon;
				ASSETCATALOG_COMPILER_GLOBAL_ACCENT_COLOR_NAME = AccentColor;
				CODE_SIGN_STYLE = Automatic;
				DEVELOPMENT_ASSET_PATHS = "\"Rev0/Preview Content\"";
				DEVELOPMENT_TEAM = Z6AD8DWH5Y;
				ENABLE_PREVIEWS = YES;
				INFOPLIST_FILE = Rev0/Info.plist;
				IPHONEOS_DEPLOYMENT_TARGET = 14.0;
				LD_RUNPATH_SEARCH_PATHS = (
					"$(inherited)",
					"@executable_path/Frameworks",
				);
				OTHER_SWIFT_FLAGS = "-Xfrontend -warn-long-function-bodies=200 -Xfrontend -warn-long-expression-type-checking=200";
				PRODUCT_BUNDLE_IDENTIFIER = LB.Rev0;
				PRODUCT_NAME = "$(TARGET_NAME)";
				SWIFT_VERSION = 5.0;
				TARGETED_DEVICE_FAMILY = "1,2";
			};
			name = Debug;
		};
		B5C6567C25DD312000A9FABC /* Release */ = {
			isa = XCBuildConfiguration;
			baseConfigurationReference = 85E10DC7E99006C3824D5C35 /* Pods-Rev0.release.xcconfig */;
			buildSettings = {
				ASSETCATALOG_COMPILER_APPICON_NAME = AppIcon;
				ASSETCATALOG_COMPILER_GLOBAL_ACCENT_COLOR_NAME = AccentColor;
				CODE_SIGN_STYLE = Automatic;
				DEVELOPMENT_ASSET_PATHS = "\"Rev0/Preview Content\"";
				DEVELOPMENT_TEAM = Z6AD8DWH5Y;
				ENABLE_PREVIEWS = YES;
				INFOPLIST_FILE = Rev0/Info.plist;
				IPHONEOS_DEPLOYMENT_TARGET = 14.0;
				LD_RUNPATH_SEARCH_PATHS = (
					"$(inherited)",
					"@executable_path/Frameworks",
				);
				PRODUCT_BUNDLE_IDENTIFIER = LB.Rev0;
				PRODUCT_NAME = "$(TARGET_NAME)";
				SWIFT_VERSION = 5.0;
				TARGETED_DEVICE_FAMILY = "1,2";
			};
			name = Release;
		};
/* End XCBuildConfiguration section */

/* Begin XCConfigurationList section */
		B5C6566625DD311F00A9FABC /* Build configuration list for PBXProject "Rev0" */ = {
			isa = XCConfigurationList;
			buildConfigurations = (
				B5C6567825DD312000A9FABC /* Debug */,
				B5C6567925DD312000A9FABC /* Release */,
			);
			defaultConfigurationIsVisible = 0;
			defaultConfigurationName = Release;
		};
		B5C6567A25DD312000A9FABC /* Build configuration list for PBXNativeTarget "Rev0" */ = {
			isa = XCConfigurationList;
			buildConfigurations = (
				B5C6567B25DD312000A9FABC /* Debug */,
				B5C6567C25DD312000A9FABC /* Release */,
			);
			defaultConfigurationIsVisible = 0;
			defaultConfigurationName = Release;
		};
/* End XCConfigurationList section */
	};
	rootObject = B5C6566325DD311F00A9FABC /* Project object */;
}
